
Microsoft Visual Studio Solution File, Format Version 12.00
# Visual Studio 15
VisualStudioVersion = 15.0.28010.0
MinimumVisualStudioVersion = 10.0.40219.1
Project("{FAE04EC0-301F-11D3-BF4B-00C04F79EFBC}") = "GUI", "GimnasioApp\GUI.csproj", "{A5E0CEAB-6EFC-4D0E-AAF9-11B942D0AFF5}"
EndProject
Project("{FAE04EC0-301F-11D3-BF4B-00C04F79EFBC}") = "CapaNegocio", "CapaNegocio\CapaNegocio.csproj", "{15C2BB49-DD11-4A9E-B038-B7DD2BA9364E}"
EndProject
Project("{FAE04EC0-301F-11D3-BF4B-00C04F79EFBC}") = "CapaDatos", "CapaBaseDatos\CapaDatos.csproj", "{C4591F48-6A22-4E39-BD8C-33A4634C0562}"
EndProject
Project("{FAE04EC0-301F-11D3-BF4B-00C04F79EFBC}") = "CapaDominio", "CapaDominio\CapaDominio.csproj", "{03E84A1E-93FB-479E-870E-A6674938B142}"
EndProject
Project("{FAE04EC0-301F-11D3-BF4B-00C04F79EFBC}") = "Test", "Test\Test.csproj", "{F2814F1E-F590-46E6-87F7-3DDFF98A7D7E}"
EndProject
Global
	GlobalSection(SolutionConfigurationPlatforms) = preSolution
		Debug|Any CPU = Debug|Any CPU
		Release|Any CPU = Release|Any CPU
	EndGlobalSection
	GlobalSection(ProjectConfigurationPlatforms) = postSolution
		{A5E0CEAB-6EFC-4D0E-AAF9-11B942D0AFF5}.Debug|Any CPU.ActiveCfg = Debug|Any CPU
		{A5E0CEAB-6EFC-4D0E-AAF9-11B942D0AFF5}.Debug|Any CPU.Build.0 = Debug|Any CPU
		{A5E0CEAB-6EFC-4D0E-AAF9-11B942D0AFF5}.Release|Any CPU.ActiveCfg = Release|Any CPU
		{A5E0CEAB-6EFC-4D0E-AAF9-11B942D0AFF5}.Release|Any CPU.Build.0 = Release|Any CPU
		{15C2BB49-DD11-4A9E-B038-B7DD2BA9364E}.Debug|Any CPU.ActiveCfg = Debug|Any CPU
		{15C2BB49-DD11-4A9E-B038-B7DD2BA9364E}.Debug|Any CPU.Build.0 = Debug|Any CPU
		{15C2BB49-DD11-4A9E-B038-B7DD2BA9364E}.Release|Any CPU.ActiveCfg = Release|Any CPU
		{15C2BB49-DD11-4A9E-B038-B7DD2BA9364E}.Release|Any CPU.Build.0 = Release|Any CPU
		{C4591F48-6A22-4E39-BD8C-33A4634C0562}.Debug|Any CPU.ActiveCfg = Debug|Any CPU
		{C4591F48-6A22-4E39-BD8C-33A4634C0562}.Debug|Any CPU.Build.0 = Debug|Any CPU
		{C4591F48-6A22-4E39-BD8C-33A4634C0562}.Release|Any CPU.ActiveCfg = Release|Any CPU
		{C4591F48-6A22-4E39-BD8C-33A4634C0562}.Release|Any CPU.Build.0 = Release|Any CPU
		{03E84A1E-93FB-479E-870E-A6674938B142}.Debug|Any CPU.ActiveCfg = Debug|Any CPU
		{03E84A1E-93FB-479E-870E-A6674938B142}.Debug|Any CPU.Build.0 = Debug|Any CPU
		{03E84A1E-93FB-479E-870E-A6674938B142}.Release|Any CPU.ActiveCfg = Release|Any CPU
		{03E84A1E-93FB-479E-870E-A6674938B142}.Release|Any CPU.Build.0 = Release|Any CPU
		{F2814F1E-F590-46E6-87F7-3DDFF98A7D7E}.Debug|Any CPU.ActiveCfg = Debug|Any CPU
		{F2814F1E-F590-46E6-87F7-3DDFF98A7D7E}.Debug|Any CPU.Build.0 = Debug|Any CPU
		{F2814F1E-F590-46E6-87F7-3DDFF98A7D7E}.Release|Any CPU.ActiveCfg = Release|Any CPU
		{F2814F1E-F590-46E6-87F7-3DDFF98A7D7E}.Release|Any CPU.Build.0 = Release|Any CPU
	EndGlobalSection
	GlobalSection(SolutionProperties) = preSolution
		HideSolutionNode = FALSE
	EndGlobalSection
	GlobalSection(ExtensibilityGlobals) = postSolution
		SolutionGuid = {8FFE50A8-CC32-45DB-A961-6EAAEF7210C3}
	EndGlobalSection
EndGlobal
